// !$*UTF8*$!
{
	archiveVersion = 1;
	classes = {
	};
	objectVersion = 46;
	objects = {

/* Begin PBXBuildFile section */
		A2754CF91C7E9670000B5CA0 /* main.m in Sources */ = {isa = PBXBuildFile; fileRef = A2754CF81C7E9670000B5CA0 /* main.m */; };
		A2754CFC1C7E9670000B5CA0 /* AppDelegate.m in Sources */ = {isa = PBXBuildFile; fileRef = A2754CFB1C7E9670000B5CA0 /* AppDelegate.m */; };
		A2754CFF1C7E9670000B5CA0 /* ViewController.m in Sources */ = {isa = PBXBuildFile; fileRef = A2754CFE1C7E9670000B5CA0 /* ViewController.m */; };
		A2754D021C7E9670000B5CA0 /* Main.storyboard in Resources */ = {isa = PBXBuildFile; fileRef = A2754D001C7E9670000B5CA0 /* Main.storyboard */; };
		A2754D041C7E9670000B5CA0 /* Assets.xcassets in Resources */ = {isa = PBXBuildFile; fileRef = A2754D031C7E9670000B5CA0 /* Assets.xcassets */; };
		A2754D071C7E9670000B5CA0 /* LaunchScreen.storyboard in Resources */ = {isa = PBXBuildFile; fileRef = A2754D051C7E9670000B5CA0 /* LaunchScreen.storyboard */; };
		A2754D121C7E9670000B5CA0 /* PianKeTests.m in Sources */ = {isa = PBXBuildFile; fileRef = A2754D111C7E9670000B5CA0 /* PianKeTests.m */; };
		A2754D1D1C7E9670000B5CA0 /* PianKeUITests.m in Sources */ = {isa = PBXBuildFile; fileRef = A2754D1C1C7E9670000B5CA0 /* PianKeUITests.m */; };
/* End PBXBuildFile section */

/* Begin PBXContainerItemProxy section */
		A2754D0E1C7E9670000B5CA0 /* PBXContainerItemProxy */ = {
			isa = PBXContainerItemProxy;
			containerPortal = A2754CEC1C7E966F000B5CA0 /* Project object */;
			proxyType = 1;
			remoteGlobalIDString = A2754CF31C7E9670000B5CA0;
			remoteInfo = PianKe;
		};
		A2754D191C7E9670000B5CA0 /* PBXContainerItemProxy */ = {
			isa = PBXContainerItemProxy;
			containerPortal = A2754CEC1C7E966F000B5CA0 /* Project object */;
			proxyType = 1;
			remoteGlobalIDString = A2754CF31C7E9670000B5CA0;
			remoteInfo = PianKe;
		};
/* End PBXContainerItemProxy section */

/* Begin PBXFileReference section */
		A2754CF41C7E9670000B5CA0 /* PianKe.app */ = {isa = PBXFileReference; explicitFileType = wrapper.application; includeInIndex = 0; path = PianKe.app; sourceTree = BUILT_PRODUCTS_DIR; };
		A2754CF81C7E9670000B5CA0 /* main.m */ = {isa = PBXFileReference; lastKnownFileType = sourcecode.c.objc; path = main.m; sourceTree = "<group>"; };
		A2754CFA1C7E9670000B5CA0 /* AppDelegate.h */ = {isa = PBXFileReference; lastKnownFileType = sourcecode.c.h; path = AppDelegate.h; sourceTree = "<group>"; };
		A2754CFB1C7E9670000B5CA0 /* AppDelegate.m */ = {isa = PBXFileReference; lastKnownFileType = sourcecode.c.objc; path = AppDelegate.m; sourceTree = "<group>"; };
		A2754CFD1C7E9670000B5CA0 /* ViewController.h */ = {isa = PBXFileReference; lastKnownFileType = sourcecode.c.h; path = ViewController.h; sourceTree = "<group>"; };
		A2754CFE1C7E9670000B5CA0 /* ViewController.m */ = {isa = PBXFileReference; lastKnownFileType = sourcecode.c.objc; path = ViewController.m; sourceTree = "<group>"; };
		A2754D011C7E9670000B5CA0 /* Base */ = {isa = PBXFileReference; lastKnownFileType = file.storyboard; name = Base; path = Base.lproj/Main.storyboard; sourceTree = "<group>"; };
		A2754D031C7E9670000B5CA0 /* Assets.xcassets */ = {isa = PBXFileReference; lastKnownFileType = folder.assetcatalog; path = Assets.xcassets; sourceTree = "<group>"; };
		A2754D061C7E9670000B5CA0 /* Base */ = {isa = PBXFileReference; lastKnownFileType = file.storyboard; name = Base; path = Base.lproj/LaunchScreen.storyboard; sourceTree = "<group>"; };
		A2754D081C7E9670000B5CA0 /* Info.plist */ = {isa = PBXFileReference; lastKnownFileType = text.plist.xml; path = Info.plist; sourceTree = "<group>"; };
		A2754D0D1C7E9670000B5CA0 /* PianKeTests.xctest */ = {isa = PBXFileReference; explicitFileType = wrapper.cfbundle; includeInIndex = 0; path = PianKeTests.xctest; sourceTree = BUILT_PRODUCTS_DIR; };
		A2754D111C7E9670000B5CA0 /* PianKeTests.m */ = {isa = PBXFileReference; lastKnownFileType = sourcecode.c.objc; path = PianKeTests.m; sourceTree = "<group>"; };
		A2754D131C7E9670000B5CA0 /* Info.plist */ = {isa = PBXFileReference; lastKnownFileType = text.plist.xml; path = Info.plist; sourceTree = "<group>"; };
		A2754D181C7E9670000B5CA0 /* PianKeUITests.xctest */ = {isa = PBXFileReference; explicitFileType = wrapper.cfbundle; includeInIndex = 0; path = PianKeUITests.xctest; sourceTree = BUILT_PRODUCTS_DIR; };
		A2754D1C1C7E9670000B5CA0 /* PianKeUITests.m */ = {isa = PBXFileReference; lastKnownFileType = sourcecode.c.objc; path = PianKeUITests.m; sourceTree = "<group>"; };
		A2754D1E1C7E9670000B5CA0 /* Info.plist */ = {isa = PBXFileReference; lastKnownFileType = text.plist.xml; path = Info.plist; sourceTree = "<group>"; };
/* End PBXFileReference section */

/* Begin PBXFrameworksBuildPhase section */
		A2754CF11C7E9670000B5CA0 /* Frameworks */ = {
			isa = PBXFrameworksBuildPhase;
			buildActionMask = 2147483647;
			files = (
			);
			runOnlyForDeploymentPostprocessing = 0;
		};
		A2754D0A1C7E9670000B5CA0 /* Frameworks */ = {
			isa = PBXFrameworksBuildPhase;
			buildActionMask = 2147483647;
			files = (
			);
			runOnlyForDeploymentPostprocessing = 0;
		};
		A2754D151C7E9670000B5CA0 /* Frameworks */ = {
			isa = PBXFrameworksBuildPhase;
			buildActionMask = 2147483647;
			files = (
			);
			runOnlyForDeploymentPostprocessing = 0;
		};
/* End PBXFrameworksBuildPhase section */

/* Begin PBXGroup section */
		A2754CEB1C7E966F000B5CA0 = {
			isa = PBXGroup;
			children = (
				A2754CF61C7E9670000B5CA0 /* PianKe */,
				A2754D101C7E9670000B5CA0 /* PianKeTests */,
				A2754D1B1C7E9670000B5CA0 /* PianKeUITests */,
				A2754CF51C7E9670000B5CA0 /* Products */,
			);
			sourceTree = "<group>";
		};
		A2754CF51C7E9670000B5CA0 /* Products */ = {
			isa = PBXGroup;
			children = (
				A2754CF41C7E9670000B5CA0 /* PianKe.app */,
				A2754D0D1C7E9670000B5CA0 /* PianKeTests.xctest */,
				A2754D181C7E9670000B5CA0 /* PianKeUITests.xctest */,
			);
			name = Products;
			sourceTree = "<group>";
		};
		A2754CF61C7E9670000B5CA0 /* PianKe */ = {
			isa = PBXGroup;
			children = (
				A2754CFA1C7E9670000B5CA0 /* AppDelegate.h */,
				A2754CFB1C7E9670000B5CA0 /* AppDelegate.m */,
				A2754CFD1C7E9670000B5CA0 /* ViewController.h */,
				A2754CFE1C7E9670000B5CA0 /* ViewController.m */,
				A2754D001C7E9670000B5CA0 /* Main.storyboard */,
				A2754D031C7E9670000B5CA0 /* Assets.xcassets */,
				A2754D051C7E9670000B5CA0 /* LaunchScreen.storyboard */,
				A2754D081C7E9670000B5CA0 /* Info.plist */,
				A2754CF71C7E9670000B5CA0 /* Supporting Files */,
			);
			path = PianKe;
			sourceTree = "<group>";
		};
		A2754CF71C7E9670000B5CA0 /* Supporting Files */ = {
			isa = PBXGroup;
			children = (
				A2754CF81C7E9670000B5CA0 /* main.m */,
			);
			name = "Supporting Files";
			sourceTree = "<group>";
		};
		A2754D101C7E9670000B5CA0 /* PianKeTests */ = {
			isa = PBXGroup;
			children = (
				A2754D111C7E9670000B5CA0 /* PianKeTests.m */,
				A2754D131C7E9670000B5CA0 /* Info.plist */,
			);
			path = PianKeTests;
			sourceTree = "<group>";
		};
		A2754D1B1C7E9670000B5CA0 /* PianKeUITests */ = {
			isa = PBXGroup;
			children = (
				A2754D1C1C7E9670000B5CA0 /* PianKeUITests.m */,
				A2754D1E1C7E9670000B5CA0 /* Info.plist */,
			);
			path = PianKeUITests;
			sourceTree = "<group>";
		};
/* End PBXGroup section */

/* Begin PBXNativeTarget section */
		A2754CF31C7E9670000B5CA0 /* PianKe */ = {
			isa = PBXNativeTarget;
			buildConfigurationList = A2754D211C7E9670000B5CA0 /* Build configuration list for PBXNativeTarget "PianKe" */;
			buildPhases = (
				A2754CF01C7E9670000B5CA0 /* Sources */,
				A2754CF11C7E9670000B5CA0 /* Frameworks */,
				A2754CF21C7E9670000B5CA0 /* Resources */,
			);
			buildRules = (
			);
			dependencies = (
			);
			name = PianKe;
			productName = PianKe;
			productReference = A2754CF41C7E9670000B5CA0 /* PianKe.app */;
			productType = "com.apple.product-type.application";
		};
		A2754D0C1C7E9670000B5CA0 /* PianKeTests */ = {
			isa = PBXNativeTarget;
			buildConfigurationList = A2754D241C7E9670000B5CA0 /* Build configuration list for PBXNativeTarget "PianKeTests" */;
			buildPhases = (
				A2754D091C7E9670000B5CA0 /* Sources */,
				A2754D0A1C7E9670000B5CA0 /* Frameworks */,
				A2754D0B1C7E9670000B5CA0 /* Resources */,
			);
			buildRules = (
			);
			dependencies = (
				A2754D0F1C7E9670000B5CA0 /* PBXTargetDependency */,
			);
			name = PianKeTests;
			productName = PianKeTests;
			productReference = A2754D0D1C7E9670000B5CA0 /* PianKeTests.xctest */;
			productType = "com.apple.product-type.bundle.unit-test";
		};
		A2754D171C7E9670000B5CA0 /* PianKeUITests */ = {
			isa = PBXNativeTarget;
			buildConfigurationList = A2754D271C7E9670000B5CA0 /* Build configuration list for PBXNativeTarget "PianKeUITests" */;
			buildPhases = (
				A2754D141C7E9670000B5CA0 /* Sources */,
				A2754D151C7E9670000B5CA0 /* Frameworks */,
				A2754D161C7E9670000B5CA0 /* Resources */,
			);
			buildRules = (
			);
			dependencies = (
				A2754D1A1C7E9670000B5CA0 /* PBXTargetDependency */,
			);
			name = PianKeUITests;
			productName = PianKeUITests;
			productReference = A2754D181C7E9670000B5CA0 /* PianKeUITests.xctest */;
			productType = "com.apple.product-type.bundle.ui-testing";
		};
/* End PBXNativeTarget section */

/* Begin PBXProject section */
		A2754CEC1C7E966F000B5CA0 /* Project object */ = {
			isa = PBXProject;
			attributes = {
				LastUpgradeCheck = 0720;
				ORGANIZATIONNAME = CMCC;
				TargetAttributes = {
					A2754CF31C7E9670000B5CA0 = {
						CreatedOnToolsVersion = 7.2.1;
						DevelopmentTeam = 9ZNHNE4FV3;
					};
					A2754D0C1C7E9670000B5CA0 = {
						CreatedOnToolsVersion = 7.2.1;
						DevelopmentTeam = 9ZNHNE4FV3;
						TestTargetID = A2754CF31C7E9670000B5CA0;
					};
					A2754D171C7E9670000B5CA0 = {
						CreatedOnToolsVersion = 7.2.1;
						DevelopmentTeam = 9ZNHNE4FV3;
						TestTargetID = A2754CF31C7E9670000B5CA0;
					};
				};
			};
			buildConfigurationList = A2754CEF1C7E966F000B5CA0 /* Build configuration list for PBXProject "PianKe" */;
			compatibilityVersion = "Xcode 3.2";
			developmentRegion = English;
			hasScannedForEncodings = 0;
			knownRegions = (
				en,
				Base,
			);
			mainGroup = A2754CEB1C7E966F000B5CA0;
			productRefGroup = A2754CF51C7E9670000B5CA0 /* Products */;
			projectDirPath = "";
			projectRoot = "";
			targets = (
				A2754CF31C7E9670000B5CA0 /* PianKe */,
				A2754D0C1C7E9670000B5CA0 /* PianKeTests */,
				A2754D171C7E9670000B5CA0 /* PianKeUITests */,
			);
		};
/* End PBXProject section */

/* Begin PBXResourcesBuildPhase section */
		A2754CF21C7E9670000B5CA0 /* Resources */ = {
			isa = PBXResourcesBuildPhase;
			buildActionMask = 2147483647;
			files = (
				A2754D071C7E9670000B5CA0 /* LaunchScreen.storyboard in Resources */,
				A2754D041C7E9670000B5CA0 /* Assets.xcassets in Resources */,
				A2754D021C7E9670000B5CA0 /* Main.storyboard in Resources */,
			);
			runOnlyForDeploymentPostprocessing = 0;
		};
		A2754D0B1C7E9670000B5CA0 /* Resources */ = {
			isa = PBXResourcesBuildPhase;
			buildActionMask = 2147483647;
			files = (
			);
			runOnlyForDeploymentPostprocessing = 0;
		};
		A2754D161C7E9670000B5CA0 /* Resources */ = {
			isa = PBXResourcesBuildPhase;
			buildActionMask = 2147483647;
			files = (
			);
			runOnlyForDeploymentPostprocessing = 0;
		};
/* End PBXResourcesBuildPhase section */

/* Begin PBXSourcesBuildPhase section */
		A2754CF01C7E9670000B5CA0 /* Sources */ = {
			isa = PBXSourcesBuildPhase;
			buildActionMask = 2147483647;
			files = (
				A2754CFF1C7E9670000B5CA0 /* ViewController.m in Sources */,
				A2754CFC1C7E9670000B5CA0 /* AppDelegate.m in Sources */,
				A2754CF91C7E9670000B5CA0 /* main.m in Sources */,
			);
			runOnlyForDeploymentPostprocessing = 0;
		};
		A2754D091C7E9670000B5CA0 /* Sources */ = {
			isa = PBXSourcesBuildPhase;
			buildActionMask = 2147483647;
			files = (
				A2754D121C7E9670000B5CA0 /* PianKeTests.m in Sources */,
			);
			runOnlyForDeploymentPostprocessing = 0;
		};
		A2754D141C7E9670000B5CA0 /* Sources */ = {
			isa = PBXSourcesBuildPhase;
			buildActionMask = 2147483647;
			files = (
				A2754D1D1C7E9670000B5CA0 /* PianKeUITests.m in Sources */,
			);
			runOnlyForDeploymentPostprocessing = 0;
		};
/* End PBXSourcesBuildPhase section */

/* Begin PBXTargetDependency section */
		A2754D0F1C7E9670000B5CA0 /* PBXTargetDependency */ = {
			isa = PBXTargetDependency;
			target = A2754CF31C7E9670000B5CA0 /* PianKe */;
			targetProxy = A2754D0E1C7E9670000B5CA0 /* PBXContainerItemProxy */;
		};
		A2754D1A1C7E9670000B5CA0 /* PBXTargetDependency */ = {
			isa = PBXTargetDependency;
			target = A2754CF31C7E9670000B5CA0 /* PianKe */;
			targetProxy = A2754D191C7E9670000B5CA0 /* PBXContainerItemProxy */;
		};
/* End PBXTargetDependency section */

/* Begin PBXVariantGroup section */
		A2754D001C7E9670000B5CA0 /* Main.storyboard */ = {
			isa = PBXVariantGroup;
			children = (
				A2754D011C7E9670000B5CA0 /* Base */,
			);
			name = Main.storyboard;
			sourceTree = "<group>";
		};
		A2754D051C7E9670000B5CA0 /* LaunchScreen.storyboard */ = {
			isa = PBXVariantGroup;
			children = (
				A2754D061C7E9670000B5CA0 /* Base */,
			);
			name = LaunchScreen.storyboard;
			sourceTree = "<group>";
		};
/* End PBXVariantGroup section */

/* Begin XCBuildConfiguration section */
		A2754D1F1C7E9670000B5CA0 /* Debug */ = {
			isa = XCBuildConfiguration;
			buildSettings = {
				ALWAYS_SEARCH_USER_PATHS = NO;
				CLANG_CXX_LANGUAGE_STANDARD = "gnu++0x";
				CLANG_CXX_LIBRARY = "libc++";
				CLANG_ENABLE_MODULES = YES;
				CLANG_ENABLE_OBJC_ARC = YES;
				CLANG_WARN_BOOL_CONVERSION = YES;
				CLANG_WARN_CONSTANT_CONVERSION = YES;
				CLANG_WARN_DIRECT_OBJC_ISA_USAGE = YES_ERROR;
				CLANG_WARN_EMPTY_BODY = YES;
				CLANG_WARN_ENUM_CONVERSION = YES;
				CLANG_WARN_INT_CONVERSION = YES;
				CLANG_WARN_OBJC_ROOT_CLASS = YES_ERROR;
				CLANG_WARN_UNREACHABLE_CODE = YES;
				CLANG_WARN__DUPLICATE_METHOD_MATCH = YES;
				"CODE_SIGN_IDENTITY[sdk=iphoneos*]" = "iPhone Developer";
				COPY_PHASE_STRIP = NO;
				DEBUG_INFORMATION_FORMAT = dwarf;
				ENABLE_STRICT_OBJC_MSGSEND = YES;
				ENABLE_TESTABILITY = YES;
				GCC_C_LANGUAGE_STANDARD = gnu99;
				GCC_DYNAMIC_NO_PIC = NO;
				GCC_NO_COMMON_BLOCKS = YES;
				GCC_OPTIMIZATION_LEVEL = 0;
				GCC_PREPROCESSOR_DEFINITIONS = (
					"DEBUG=1",
					"$(inherited)",
				);
				GCC_WARN_64_TO_32_BIT_CONVERSION = YES;
				GCC_WARN_ABOUT_RETURN_TYPE = YES_ERROR;
				GCC_WARN_UNDECLARED_SELECTOR = YES;
				GCC_WARN_UNINITIALIZED_AUTOS = YES_AGGRESSIVE;
				GCC_WARN_UNUSED_FUNCTION = YES;
				GCC_WARN_UNUSED_VARIABLE = YES;
				IPHONEOS_DEPLOYMENT_TARGET = 9.2;
				MTL_ENABLE_DEBUG_INFO = YES;
				ONLY_ACTIVE_ARCH = YES;
				SDKROOT = iphoneos;
			};
			name = Debug;
		};
		A2754D201C7E9670000B5CA0 /* Release */ = {
			isa = XCBuildConfiguration;
			buildSettings = {
				ALWAYS_SEARCH_USER_PATHS = NO;
				CLANG_CXX_LANGUAGE_STANDARD = "gnu++0x";
				CLANG_CXX_LIBRARY = "libc++";
				CLANG_ENABLE_MODULES = YES;
				CLANG_ENABLE_OBJC_ARC = YES;
				CLANG_WARN_BOOL_CONVERSION = YES;
				CLANG_WARN_CONSTANT_CONVERSION = YES;
				CLANG_WARN_DIRECT_OBJC_ISA_USAGE = YES_ERROR;
				CLANG_WARN_EMPTY_BODY = YES;
				CLANG_WARN_ENUM_CONVERSION = YES;
				CLANG_WARN_INT_CONVERSION = YES;
				CLANG_WARN_OBJC_ROOT_CLASS = YES_ERROR;
				CLANG_WARN_UNREACHABLE_CODE = YES;
				CLANG_WARN__DUPLICATE_METHOD_MATCH = YES;
				"CODE_SIGN_IDENTITY[sdk=iphoneos*]" = "iPhone Developer";
				COPY_PHASE_STRIP = NO;
				DEBUG_INFORMATION_FORMAT = "dwarf-with-dsym";
				ENABLE_NS_ASSERTIONS = NO;
				ENABLE_STRICT_OBJC_MSGSEND = YES;
				GCC_C_LANGUAGE_STANDARD = gnu99;
				GCC_NO_COMMON_BLOCKS = YES;
				GCC_WARN_64_TO_32_BIT_CONVERSION = YES;
				GCC_WARN_ABOUT_RETURN_TYPE = YES_ERROR;
				GCC_WARN_UNDECLARED_SELECTOR = YES;
				GCC_WARN_UNINITIALIZED_AUTOS = YES_AGGRESSIVE;
				GCC_WARN_UNUSED_FUNCTION = YES;
				GCC_WARN_UNUSED_VARIABLE = YES;
				IPHONEOS_DEPLOYMENT_TARGET = 9.2;
				MTL_ENABLE_DEBUG_INFO = NO;
				SDKROOT = iphoneos;
				VALIDATE_PRODUCT = YES;
			};
			name = Release;
		};
		A2754D221C7E9670000B5CA0 /* Debug */ = {
			isa = XCBuildConfiguration;
			buildSettings = {
				ASSETCATALOG_COMPILER_APPICON_NAME = AppIcon;
				INFOPLIST_FILE = PianKe/Info.plist;
				LD_RUNPATH_SEARCH_PATHS = "$(inherited) @executable_path/Frameworks";
				PRODUCT_BUNDLE_IDENTIFIER = CMCC.com.PianKe;
				PRODUCT_NAME = "$(TARGET_NAME)";
			};
			name = Debug;
		};
		A2754D231C7E9670000B5CA0 /* Release */ = {
			isa = XCBuildConfiguration;
			buildSettings = {
				ASSETCATALOG_COMPILER_APPICON_NAME = AppIcon;
				INFOPLIST_FILE = PianKe/Info.plist;
				LD_RUNPATH_SEARCH_PATHS = "$(inherited) @executable_path/Frameworks";
				PRODUCT_BUNDLE_IDENTIFIER = CMCC.com.PianKe;
				PRODUCT_NAME = "$(TARGET_NAME)";
			};
			name = Release;
		};
		A2754D251C7E9670000B5CA0 /* Debug */ = {
			isa = XCBuildConfiguration;
			buildSettings = {
				BUNDLE_LOADER = "$(TEST_HOST)";
				INFOPLIST_FILE = PianKeTests/Info.plist;
				LD_RUNPATH_SEARCH_PATHS = "$(inherited) @executable_path/Frameworks @loader_path/Frameworks";
				PRODUCT_BUNDLE_IDENTIFIER = CMCC.com.PianKeTests;
				PRODUCT_NAME = "$(TARGET_NAME)";
				TEST_HOST = "$(BUILT_PRODUCTS_DIR)/PianKe.app/PianKe";
			};
			name = Debug;
		};
		A2754D261C7E9670000B5CA0 /* Release */ = {
			isa = XCBuildConfiguration;
			buildSettings = {
				BUNDLE_LOADER = "$(TEST_HOST)";
				INFOPLIST_FILE = PianKeTests/Info.plist;
				LD_RUNPATH_SEARCH_PATHS = "$(inherited) @executable_path/Frameworks @loader_path/Frameworks";
				PRODUCT_BUNDLE_IDENTIFIER = CMCC.com.PianKeTests;
				PRODUCT_NAME = "$(TARGET_NAME)";
				TEST_HOST = "$(BUILT_PRODUCTS_DIR)/PianKe.app/PianKe";
			};
			name = Release;
		};
		A2754D281C7E9670000B5CA0 /* Debug */ = {
			isa = XCBuildConfiguration;
			buildSettings = {
				INFOPLIST_FILE = PianKeUITests/Info.plist;
				LD_RUNPATH_SEARCH_PATHS = "$(inherited) @executable_path/Frameworks @loader_path/Frameworks";
				PRODUCT_BUNDLE_IDENTIFIER = CMCC.com.PianKeUITests;
				PRODUCT_NAME = "$(TARGET_NAME)";
				TEST_TARGET_NAME = PianKe;
				USES_XCTRUNNER = YES;
			};
			name = Debug;
		};
		A2754D291C7E9670000B5CA0 /* Release */ = {
			isa = XCBuildConfiguration;
			buildSettings = {
				INFOPLIST_FILE = PianKeUITests/Info.plist;
				LD_RUNPATH_SEARCH_PATHS = "$(inherited) @executable_path/Frameworks @loader_path/Frameworks";
				PRODUCT_BUNDLE_IDENTIFIER = CMCC.com.PianKeUITests;
				PRODUCT_NAME = "$(TARGET_NAME)";
				TEST_TARGET_NAME = PianKe;
				USES_XCTRUNNER = YES;
			};
			name = Release;
		};
/* End XCBuildConfiguration section */

/* Begin XCConfigurationList section */
		A2754CEF1C7E966F000B5CA0 /* Build configuration list for PBXProject "PianKe" */ = {
			isa = XCConfigurationList;
			buildConfigurations = (
				A2754D1F1C7E9670000B5CA0 /* Debug */,
				A2754D201C7E9670000B5CA0 /* Release */,
			);
			defaultConfigurationIsVisible = 0;
			defaultConfigurationName = Release;
		};
		A2754D211C7E9670000B5CA0 /* Build configuration list for PBXNativeTarget "PianKe" */ = {
			isa = XCConfigurationList;
			buildConfigurations = (
				A2754D221C7E9670000B5CA0 /* Debug */,
				A2754D231C7E9670000B5CA0 /* Release */,
			);
			defaultConfigurationIsVisible = 0;
		};
		A2754D241C7E9670000B5CA0 /* Build configuration list for PBXNativeTarget "PianKeTests" */ = {
			isa = XCConfigurationList;
			buildConfigurations = (
				A2754D251C7E9670000B5CA0 /* Debug */,
				A2754D261C7E9670000B5CA0 /* Release */,
			);
			defaultConfigurationIsVisible = 0;
		};
		A2754D271C7E9670000B5CA0 /* Build configuration list for PBXNativeTarget "PianKeUITests" */ = {
			isa = XCConfigurationList;
			buildConfigurations = (
				A2754D281C7E9670000B5CA0 /* Debug */,
				A2754D291C7E9670000B5CA0 /* Release */,
			);
			defaultConfigurationIsVisible = 0;
		};
/* End XCConfigurationList section */
	};
	rootObject = A2754CEC1C7E966F000B5CA0 /* Project object */;
}
